
Microsoft Visual Studio Solution File, Format Version 12.00
# Visual Studio 2015
Project("{FAE04EC0-301F-11D3-BF4B-00C04F79EFBC}") = "HeartMentality.CSharp", "HeartMentality.CSharp.csproj", "{21B1AB7B-2BF3-FCA4-DB47-843E4815447C}"
EndProject
Project("{FAE04EC0-301F-11D3-BF4B-00C04F79EFBC}") = "HeartMentality.CSharp.Editor", "HeartMentality.CSharp.Editor.csproj", "{11ECF67A-3CC3-5452-5B30-E52BCD8EF75A}"
EndProject
Global
	GlobalSection(SolutionConfigurationPlatforms) = preSolution
		Debug|Any CPU = Debug|Any CPU
		Release|Any CPU = Release|Any CPU
	EndGlobalSection
	GlobalSection(ProjectConfigurationPlatforms) = postSolution
		{21B1AB7B-2BF3-FCA4-DB47-843E4815447C}.Debug|Any CPU.ActiveCfg = Debug|Any CPU
		{21B1AB7B-2BF3-FCA4-DB47-843E4815447C}.Debug|Any CPU.Build.0 = Debug|Any CPU
		{21B1AB7B-2BF3-FCA4-DB47-843E4815447C}.Release|Any CPU.ActiveCfg = Release|Any CPU
		{21B1AB7B-2BF3-FCA4-DB47-843E4815447C}.Release|Any CPU.Build.0 = Release|Any CPU
		{11ECF67A-3CC3-5452-5B30-E52BCD8EF75A}.Debug|Any CPU.ActiveCfg = Debug|Any CPU
		{11ECF67A-3CC3-5452-5B30-E52BCD8EF75A}.Debug|Any CPU.Build.0 = Debug|Any CPU
		{11ECF67A-3CC3-5452-5B30-E52BCD8EF75A}.Release|Any CPU.ActiveCfg = Release|Any CPU
		{11ECF67A-3CC3-5452-5B30-E52BCD8EF75A}.Release|Any CPU.Build.0 = Release|Any CPU
	EndGlobalSection
	GlobalSection(SolutionProperties) = preSolution
		HideSolutionNode = FALSE
	EndGlobalSection
EndGlobal
